
Microsoft Visual Studio Solution File, Format Version 12.00
# Visual Studio Version 16
VisualStudioVersion = 16.0.30503.244
MinimumVisualStudioVersion = 10.0.40219.1
Project("{FAE04EC0-301F-11D3-BF4B-00C04F79EFBC}") = "SampleAndTesting.UWP", "SampleAndTesting\SampleAndTesting.UWP\SampleAndTesting.UWP.csproj", "{86D12697-FCB6-434B-BC72-5D2C7B5CB80E}"
EndProject
Project("{FAE04EC0-301F-11D3-BF4B-00C04F79EFBC}") = "SampleAndTesting.Android", "SampleAndTesting\SampleAndTesting.Android\SampleAndTesting.Android.csproj", "{27E7DAE0-87CC-415D-A18A-EFCE416C5AE0}"
EndProject
Project("{FAE04EC0-301F-11D3-BF4B-00C04F79EFBC}") = "SampleAndTesting.iOS", "SampleAndTesting\SampleAndTesting.iOS\SampleAndTesting.iOS.csproj", "{CD01F9F2-D516-450C-B2E3-FCF398E00F40}"
EndProject
Project("{9A19103F-16F7-4668-BE54-9A1E7A4F7556}") = "SampleAndTesting", "SampleAndTesting\SampleAndTesting\SampleAndTesting.csproj", "{06B37BF3-8030-43A1-BA13-525400731AB2}"
EndProject
Project("{9A19103F-16F7-4668-BE54-9A1E7A4F7556}") = "LocationTriggering", "LocationTriggering\LocationTriggering.csproj", "{28DB435A-63B1-4723-A16E-65D953B8B4D4}"
EndProject
Project("{2150E333-8FDC-42A3-9474-1A3956D46DE8}") = "Documents", "Documents", "{53B0AB0B-12C8-4DDF-A0E1-6CA02D1B1040}"
	ProjectSection(SolutionItems) = preProject
		LICENSE = LICENSE
		README.md = README.md
		Documents\requirements.txt = Documents\requirements.txt
		Documents\TestPlan.xlsx = Documents\TestPlan.xlsx
	EndProjectSection
EndProject
Project("{2150E333-8FDC-42A3-9474-1A3956D46DE8}") = "TestData", "TestData", "{B5231140-32C2-422E-9EA8-75EE06CD833E}"
	ProjectSection(SolutionItems) = preProject
		Documents\Testing\2PointTestData.txt = Documents\Testing\2PointTestData.txt
		Documents\Testing\AddPointTestData.xlsx = Documents\Testing\AddPointTestData.xlsx
		Documents\Testing\BearingRangeAndClosestPointTestData.txt = Documents\Testing\BearingRangeAndClosestPointTestData.txt
		Documents\Testing\BearingRangeConstructorTestData.txt = Documents\Testing\BearingRangeConstructorTestData.txt
		Documents\Testing\BearingRangeEqualsTestData.txt = Documents\Testing\BearingRangeEqualsTestData.txt
		Documents\Testing\BearingRangeOverlapsTestData.txt = Documents\Testing\BearingRangeOverlapsTestData.txt
		Documents\Testing\ContainsBearingTestData.txt = Documents\Testing\ContainsBearingTestData.txt
		Documents\Testing\ContainsPointTestData.txt = Documents\Testing\ContainsPointTestData.txt
		Documents\Testing\CoordinateTestData.txt = Documents\Testing\CoordinateTestData.txt
		Documents\Testing\EqualityCoordinates.txt = Documents\Testing\EqualityCoordinates.txt
		Documents\Testing\LocationTriggerTestData.xlsx = Documents\Testing\LocationTriggerTestData.xlsx
		Documents\Testing\OverlapsTestData.txt = Documents\Testing\OverlapsTestData.txt
		Documents\Testing\PointAtDistanceAndBearingTestData.xlsx = Documents\Testing\PointAtDistanceAndBearingTestData.xlsx
		Documents\Testing\PointsInBoundingBox.txt = Documents\Testing\PointsInBoundingBox.txt
		Documents\Testing\RemovePointTestData.xlsx = Documents\Testing\RemovePointTestData.xlsx
	EndProjectSection
EndProject
Global
	GlobalSection(SolutionConfigurationPlatforms) = preSolution
		Debug|Any CPU = Debug|Any CPU
		Debug|ARM = Debug|ARM
		Debug|iPhone = Debug|iPhone
		Debug|iPhoneSimulator = Debug|iPhoneSimulator
		Debug|x64 = Debug|x64
		Debug|x86 = Debug|x86
		Release|Any CPU = Release|Any CPU
		Release|ARM = Release|ARM
		Release|iPhone = Release|iPhone
		Release|iPhoneSimulator = Release|iPhoneSimulator
		Release|x64 = Release|x64
		Release|x86 = Release|x86
	EndGlobalSection
	GlobalSection(ProjectConfigurationPlatforms) = postSolution
		{86D12697-FCB6-434B-BC72-5D2C7B5CB80E}.Debug|Any CPU.ActiveCfg = Debug|x86
		{86D12697-FCB6-434B-BC72-5D2C7B5CB80E}.Debug|ARM.ActiveCfg = Debug|ARM
		{86D12697-FCB6-434B-BC72-5D2C7B5CB80E}.Debug|ARM.Build.0 = Debug|ARM
		{86D12697-FCB6-434B-BC72-5D2C7B5CB80E}.Debug|ARM.Deploy.0 = Debug|ARM
		{86D12697-FCB6-434B-BC72-5D2C7B5CB80E}.Debug|iPhone.ActiveCfg = Debug|x86
		{86D12697-FCB6-434B-BC72-5D2C7B5CB80E}.Debug|iPhoneSimulator.ActiveCfg = Debug|x86
		{86D12697-FCB6-434B-BC72-5D2C7B5CB80E}.Debug|x64.ActiveCfg = Debug|x64
		{86D12697-FCB6-434B-BC72-5D2C7B5CB80E}.Debug|x64.Build.0 = Debug|x64
		{86D12697-FCB6-434B-BC72-5D2C7B5CB80E}.Debug|x64.Deploy.0 = Debug|x64
		{86D12697-FCB6-434B-BC72-5D2C7B5CB80E}.Debug|x86.ActiveCfg = Debug|x86
		{86D12697-FCB6-434B-BC72-5D2C7B5CB80E}.Debug|x86.Build.0 = Debug|x86
		{86D12697-FCB6-434B-BC72-5D2C7B5CB80E}.Debug|x86.Deploy.0 = Debug|x86
		{86D12697-FCB6-434B-BC72-5D2C7B5CB80E}.Release|Any CPU.ActiveCfg = Release|x86
		{86D12697-FCB6-434B-BC72-5D2C7B5CB80E}.Release|ARM.ActiveCfg = Release|ARM
		{86D12697-FCB6-434B-BC72-5D2C7B5CB80E}.Release|ARM.Build.0 = Release|ARM
		{86D12697-FCB6-434B-BC72-5D2C7B5CB80E}.Release|ARM.Deploy.0 = Release|ARM
		{86D12697-FCB6-434B-BC72-5D2C7B5CB80E}.Release|iPhone.ActiveCfg = Release|x86
		{86D12697-FCB6-434B-BC72-5D2C7B5CB80E}.Release|iPhoneSimulator.ActiveCfg = Release|x86
		{86D12697-FCB6-434B-BC72-5D2C7B5CB80E}.Release|x64.ActiveCfg = Release|x64
		{86D12697-FCB6-434B-BC72-5D2C7B5CB80E}.Release|x64.Build.0 = Release|x64
		{86D12697-FCB6-434B-BC72-5D2C7B5CB80E}.Release|x64.Deploy.0 = Release|x64
		{86D12697-FCB6-434B-BC72-5D2C7B5CB80E}.Release|x86.ActiveCfg = Release|x86
		{86D12697-FCB6-434B-BC72-5D2C7B5CB80E}.Release|x86.Build.0 = Release|x86
		{86D12697-FCB6-434B-BC72-5D2C7B5CB80E}.Release|x86.Deploy.0 = Release|x86
		{27E7DAE0-87CC-415D-A18A-EFCE416C5AE0}.Debug|Any CPU.ActiveCfg = Debug|Any CPU
		{27E7DAE0-87CC-415D-A18A-EFCE416C5AE0}.Debug|Any CPU.Build.0 = Debug|Any CPU
		{27E7DAE0-87CC-415D-A18A-EFCE416C5AE0}.Debug|Any CPU.Deploy.0 = Debug|Any CPU
		{27E7DAE0-87CC-415D-A18A-EFCE416C5AE0}.Debug|ARM.ActiveCfg = Debug|Any CPU
		{27E7DAE0-87CC-415D-A18A-EFCE416C5AE0}.Debug|ARM.Build.0 = Debug|Any CPU
		{27E7DAE0-87CC-415D-A18A-EFCE416C5AE0}.Debug|ARM.Deploy.0 = Debug|Any CPU
		{27E7DAE0-87CC-415D-A18A-EFCE416C5AE0}.Debug|iPhone.ActiveCfg = Debug|Any CPU
		{27E7DAE0-87CC-415D-A18A-EFCE416C5AE0}.Debug|iPhone.Build.0 = Debug|Any CPU
		{27E7DAE0-87CC-415D-A18A-EFCE416C5AE0}.Debug|iPhone.Deploy.0 = Debug|Any CPU
		{27E7DAE0-87CC-415D-A18A-EFCE416C5AE0}.Debug|iPhoneSimulator.ActiveCfg = Debug|Any CPU
		{27E7DAE0-87CC-415D-A18A-EFCE416C5AE0}.Debug|iPhoneSimulator.Build.0 = Debug|Any CPU
		{27E7DAE0-87CC-415D-A18A-EFCE416C5AE0}.Debug|iPhoneSimulator.Deploy.0 = Debug|Any CPU
		{27E7DAE0-87CC-415D-A18A-EFCE416C5AE0}.Debug|x64.ActiveCfg = Debug|Any CPU
		{27E7DAE0-87CC-415D-A18A-EFCE416C5AE0}.Debug|x64.Build.0 = Debug|Any CPU
		{27E7DAE0-87CC-415D-A18A-EFCE416C5AE0}.Debug|x64.Deploy.0 = Debug|Any CPU
		{27E7DAE0-87CC-415D-A18A-EFCE416C5AE0}.Debug|x86.ActiveCfg = Debug|Any CPU
		{27E7DAE0-87CC-415D-A18A-EFCE416C5AE0}.Debug|x86.Build.0 = Debug|Any CPU
		{27E7DAE0-87CC-415D-A18A-EFCE416C5AE0}.Debug|x86.Deploy.0 = Debug|Any CPU
		{27E7DAE0-87CC-415D-A18A-EFCE416C5AE0}.Release|Any CPU.ActiveCfg = Release|Any CPU
		{27E7DAE0-87CC-415D-A18A-EFCE416C5AE0}.Release|Any CPU.Build.0 = Release|Any CPU
		{27E7DAE0-87CC-415D-A18A-EFCE416C5AE0}.Release|Any CPU.Deploy.0 = Release|Any CPU
		{27E7DAE0-87CC-415D-A18A-EFCE416C5AE0}.Release|ARM.ActiveCfg = Release|Any CPU
		{27E7DAE0-87CC-415D-A18A-EFCE416C5AE0}.Release|ARM.Build.0 = Release|Any CPU
		{27E7DAE0-87CC-415D-A18A-EFCE416C5AE0}.Release|ARM.Deploy.0 = Release|Any CPU
		{27E7DAE0-87CC-415D-A18A-EFCE416C5AE0}.Release|iPhone.ActiveCfg = Release|Any CPU
		{27E7DAE0-87CC-415D-A18A-EFCE416C5AE0}.Release|iPhone.Build.0 = Release|Any CPU
		{27E7DAE0-87CC-415D-A18A-EFCE416C5AE0}.Release|iPhone.Deploy.0 = Release|Any CPU
		{27E7DAE0-87CC-415D-A18A-EFCE416C5AE0}.Release|iPhoneSimulator.ActiveCfg = Release|Any CPU
		{27E7DAE0-87CC-415D-A18A-EFCE416C5AE0}.Release|iPhoneSimulator.Build.0 = Release|Any CPU
		{27E7DAE0-87CC-415D-A18A-EFCE416C5AE0}.Release|iPhoneSimulator.Deploy.0 = Release|Any CPU
		{27E7DAE0-87CC-415D-A18A-EFCE416C5AE0}.Release|x64.ActiveCfg = Release|Any CPU
		{27E7DAE0-87CC-415D-A18A-EFCE416C5AE0}.Release|x64.Build.0 = Release|Any CPU
		{27E7DAE0-87CC-415D-A18A-EFCE416C5AE0}.Release|x64.Deploy.0 = Release|Any CPU
		{27E7DAE0-87CC-415D-A18A-EFCE416C5AE0}.Release|x86.ActiveCfg = Release|Any CPU
		{27E7DAE0-87CC-415D-A18A-EFCE416C5AE0}.Release|x86.Build.0 = Release|Any CPU
		{27E7DAE0-87CC-415D-A18A-EFCE416C5AE0}.Release|x86.Deploy.0 = Release|Any CPU
		{CD01F9F2-D516-450C-B2E3-FCF398E00F40}.Debug|Any CPU.ActiveCfg = Debug|iPhoneSimulator
		{CD01F9F2-D516-450C-B2E3-FCF398E00F40}.Debug|ARM.ActiveCfg = Debug|iPhoneSimulator
		{CD01F9F2-D516-450C-B2E3-FCF398E00F40}.Debug|iPhone.ActiveCfg = Debug|iPhone
		{CD01F9F2-D516-450C-B2E3-FCF398E00F40}.Debug|iPhone.Build.0 = Debug|iPhone
		{CD01F9F2-D516-450C-B2E3-FCF398E00F40}.Debug|iPhoneSimulator.ActiveCfg = Debug|iPhoneSimulator
		{CD01F9F2-D516-450C-B2E3-FCF398E00F40}.Debug|iPhoneSimulator.Build.0 = Debug|iPhoneSimulator
		{CD01F9F2-D516-450C-B2E3-FCF398E00F40}.Debug|x64.ActiveCfg = Debug|iPhoneSimulator
		{CD01F9F2-D516-450C-B2E3-FCF398E00F40}.Debug|x86.ActiveCfg = Debug|iPhoneSimulator
		{CD01F9F2-D516-450C-B2E3-FCF398E00F40}.Release|Any CPU.ActiveCfg = Release|iPhoneSimulator
		{CD01F9F2-D516-450C-B2E3-FCF398E00F40}.Release|ARM.ActiveCfg = Release|iPhoneSimulator
		{CD01F9F2-D516-450C-B2E3-FCF398E00F40}.Release|iPhone.ActiveCfg = Release|iPhone
		{CD01F9F2-D516-450C-B2E3-FCF398E00F40}.Release|iPhone.Build.0 = Release|iPhone
		{CD01F9F2-D516-450C-B2E3-FCF398E00F40}.Release|iPhoneSimulator.ActiveCfg = Release|iPhoneSimulator
		{CD01F9F2-D516-450C-B2E3-FCF398E00F40}.Release|iPhoneSimulator.Build.0 = Release|iPhoneSimulator
		{CD01F9F2-D516-450C-B2E3-FCF398E00F40}.Release|x64.ActiveCfg = Release|iPhoneSimulator
		{CD01F9F2-D516-450C-B2E3-FCF398E00F40}.Release|x86.ActiveCfg = Release|iPhoneSimulator
		{06B37BF3-8030-43A1-BA13-525400731AB2}.Debug|Any CPU.ActiveCfg = Debug|Any CPU
		{06B37BF3-8030-43A1-BA13-525400731AB2}.Debug|Any CPU.Build.0 = Debug|Any CPU
		{06B37BF3-8030-43A1-BA13-525400731AB2}.Debug|ARM.ActiveCfg = Debug|Any CPU
		{06B37BF3-8030-43A1-BA13-525400731AB2}.Debug|ARM.Build.0 = Debug|Any CPU
		{06B37BF3-8030-43A1-BA13-525400731AB2}.Debug|iPhone.ActiveCfg = Debug|Any CPU
		{06B37BF3-8030-43A1-BA13-525400731AB2}.Debug|iPhone.Build.0 = Debug|Any CPU
		{06B37BF3-8030-43A1-BA13-525400731AB2}.Debug|iPhoneSimulator.ActiveCfg = Debug|Any CPU
		{06B37BF3-8030-43A1-BA13-525400731AB2}.Debug|iPhoneSimulator.Build.0 = Debug|Any CPU
		{06B37BF3-8030-43A1-BA13-525400731AB2}.Debug|x64.ActiveCfg = Debug|Any CPU
		{06B37BF3-8030-43A1-BA13-525400731AB2}.Debug|x64.Build.0 = Debug|Any CPU
		{06B37BF3-8030-43A1-BA13-525400731AB2}.Debug|x86.ActiveCfg = Debug|Any CPU
		{06B37BF3-8030-43A1-BA13-525400731AB2}.Debug|x86.Build.0 = Debug|Any CPU
		{06B37BF3-8030-43A1-BA13-525400731AB2}.Release|Any CPU.ActiveCfg = Release|Any CPU
		{06B37BF3-8030-43A1-BA13-525400731AB2}.Release|Any CPU.Build.0 = Release|Any CPU
		{06B37BF3-8030-43A1-BA13-525400731AB2}.Release|ARM.ActiveCfg = Release|Any CPU
		{06B37BF3-8030-43A1-BA13-525400731AB2}.Release|ARM.Build.0 = Release|Any CPU
		{06B37BF3-8030-43A1-BA13-525400731AB2}.Release|iPhone.ActiveCfg = Release|Any CPU
		{06B37BF3-8030-43A1-BA13-525400731AB2}.Release|iPhone.Build.0 = Release|Any CPU
		{06B37BF3-8030-43A1-BA13-525400731AB2}.Release|iPhoneSimulator.ActiveCfg = Release|Any CPU
		{06B37BF3-8030-43A1-BA13-525400731AB2}.Release|iPhoneSimulator.Build.0 = Release|Any CPU
		{06B37BF3-8030-43A1-BA13-525400731AB2}.Release|x64.ActiveCfg = Release|Any CPU
		{06B37BF3-8030-43A1-BA13-525400731AB2}.Release|x64.Build.0 = Release|Any CPU
		{06B37BF3-8030-43A1-BA13-525400731AB2}.Release|x86.ActiveCfg = Release|Any CPU
		{06B37BF3-8030-43A1-BA13-525400731AB2}.Release|x86.Build.0 = Release|Any CPU
		{28DB435A-63B1-4723-A16E-65D953B8B4D4}.Debug|Any CPU.ActiveCfg = Debug|Any CPU
		{28DB435A-63B1-4723-A16E-65D953B8B4D4}.Debug|Any CPU.Build.0 = Debug|Any CPU
		{28DB435A-63B1-4723-A16E-65D953B8B4D4}.Debug|ARM.ActiveCfg = Debug|Any CPU
		{28DB435A-63B1-4723-A16E-65D953B8B4D4}.Debug|ARM.Build.0 = Debug|Any CPU
		{28DB435A-63B1-4723-A16E-65D953B8B4D4}.Debug|iPhone.ActiveCfg = Debug|Any CPU
		{28DB435A-63B1-4723-A16E-65D953B8B4D4}.Debug|iPhone.Build.0 = Debug|Any CPU
		{28DB435A-63B1-4723-A16E-65D953B8B4D4}.Debug|iPhoneSimulator.ActiveCfg = Debug|Any CPU
		{28DB435A-63B1-4723-A16E-65D953B8B4D4}.Debug|iPhoneSimulator.Build.0 = Debug|Any CPU
		{28DB435A-63B1-4723-A16E-65D953B8B4D4}.Debug|x64.ActiveCfg = Debug|Any CPU
		{28DB435A-63B1-4723-A16E-65D953B8B4D4}.Debug|x64.Build.0 = Debug|Any CPU
		{28DB435A-63B1-4723-A16E-65D953B8B4D4}.Debug|x86.ActiveCfg = Debug|Any CPU
		{28DB435A-63B1-4723-A16E-65D953B8B4D4}.Debug|x86.Build.0 = Debug|Any CPU
		{28DB435A-63B1-4723-A16E-65D953B8B4D4}.Release|Any CPU.ActiveCfg = Release|Any CPU
		{28DB435A-63B1-4723-A16E-65D953B8B4D4}.Release|Any CPU.Build.0 = Release|Any CPU
		{28DB435A-63B1-4723-A16E-65D953B8B4D4}.Release|ARM.ActiveCfg = Release|Any CPU
		{28DB435A-63B1-4723-A16E-65D953B8B4D4}.Release|ARM.Build.0 = Release|Any CPU
		{28DB435A-63B1-4723-A16E-65D953B8B4D4}.Release|iPhone.ActiveCfg = Release|Any CPU
		{28DB435A-63B1-4723-A16E-65D953B8B4D4}.Release|iPhone.Build.0 = Release|Any CPU
		{28DB435A-63B1-4723-A16E-65D953B8B4D4}.Release|iPhoneSimulator.ActiveCfg = Release|Any CPU
		{28DB435A-63B1-4723-A16E-65D953B8B4D4}.Release|iPhoneSimulator.Build.0 = Release|Any CPU
		{28DB435A-63B1-4723-A16E-65D953B8B4D4}.Release|x64.ActiveCfg = Release|Any CPU
		{28DB435A-63B1-4723-A16E-65D953B8B4D4}.Release|x64.Build.0 = Release|Any CPU
		{28DB435A-63B1-4723-A16E-65D953B8B4D4}.Release|x86.ActiveCfg = Release|Any CPU
		{28DB435A-63B1-4723-A16E-65D953B8B4D4}.Release|x86.Build.0 = Release|Any CPU
	EndGlobalSection
	GlobalSection(SolutionProperties) = preSolution
		HideSolutionNode = FALSE
	EndGlobalSection
	GlobalSection(NestedProjects) = preSolution
		{B5231140-32C2-422E-9EA8-75EE06CD833E} = {53B0AB0B-12C8-4DDF-A0E1-6CA02D1B1040}
	EndGlobalSection
	GlobalSection(ExtensibilityGlobals) = postSolution
		SolutionGuid = {B01D4D17-2DCF-4880-95D6-11783617CB94}
	EndGlobalSection
EndGlobal
